
Microsoft Visual Studio Solution File, Format Version 12.00
# Visual Studio Version 17
VisualStudioVersion = 17.0.31717.71
MinimumVisualStudioVersion = 10.0.40219.1
Project("{FAE04EC0-301F-11D3-BF4B-00C04F79EFBC}") = "MicroLMSDeveloper.API", "MicroLMSDeveloper\MicroLMSDeveloper.API.csproj", "{F144DED8-B411-4D75-A766-9DB118B5EF6D}"
EndProject
Project("{FAE04EC0-301F-11D3-BF4B-00C04F79EFBC}") = "MicroLMSDeveloper.Domain", "MicroLMSDeveloper.Domain\MicroLMSDeveloper.Domain.csproj", "{CEF91739-ACF7-4CD3-BEB9-3C85323F7F40}"
EndProject
Project("{FAE04EC0-301F-11D3-BF4B-00C04F79EFBC}") = "MicroLMSDeveloper.Infrastructure", "MicroLMSDeveloper.Infrastructure\MicroLMSDeveloper.Infrastructure.csproj", "{82DDDEAC-6CC1-4E73-8117-9C15ED91264F}"
EndProject
Global
	GlobalSection(SolutionConfigurationPlatforms) = preSolution
		Debug|Any CPU = Debug|Any CPU
		Release|Any CPU = Release|Any CPU
	EndGlobalSection
	GlobalSection(ProjectConfigurationPlatforms) = postSolution
		{F144DED8-B411-4D75-A766-9DB118B5EF6D}.Debug|Any CPU.ActiveCfg = Debug|Any CPU
		{F144DED8-B411-4D75-A766-9DB118B5EF6D}.Debug|Any CPU.Build.0 = Debug|Any CPU
		{F144DED8-B411-4D75-A766-9DB118B5EF6D}.Release|Any CPU.ActiveCfg = Release|Any CPU
		{F144DED8-B411-4D75-A766-9DB118B5EF6D}.Release|Any CPU.Build.0 = Release|Any CPU
		{CEF91739-ACF7-4CD3-BEB9-3C85323F7F40}.Debug|Any CPU.ActiveCfg = Debug|Any CPU
		{CEF91739-ACF7-4CD3-BEB9-3C85323F7F40}.Debug|Any CPU.Build.0 = Debug|Any CPU
		{CEF91739-ACF7-4CD3-BEB9-3C85323F7F40}.Release|Any CPU.ActiveCfg = Release|Any CPU
		{CEF91739-ACF7-4CD3-BEB9-3C85323F7F40}.Release|Any CPU.Build.0 = Release|Any CPU
		{82DDDEAC-6CC1-4E73-8117-9C15ED91264F}.Debug|Any CPU.ActiveCfg = Debug|Any CPU
		{82DDDEAC-6CC1-4E73-8117-9C15ED91264F}.Debug|Any CPU.Build.0 = Debug|Any CPU
		{82DDDEAC-6CC1-4E73-8117-9C15ED91264F}.Release|Any CPU.ActiveCfg = Release|Any CPU
		{82DDDEAC-6CC1-4E73-8117-9C15ED91264F}.Release|Any CPU.Build.0 = Release|Any CPU
	EndGlobalSection
	GlobalSection(SolutionProperties) = preSolution
		HideSolutionNode = FALSE
	EndGlobalSection
	GlobalSection(ExtensibilityGlobals) = postSolution
		SolutionGuid = {D9638986-3BAF-49A0-A4F9-5B8ED862EE40}
	EndGlobalSection
EndGlobal
